
Microsoft Visual Studio Solution File, Format Version 12.00
# Visual Studio Version 16
VisualStudioVersion = 16.0.33328.57
MinimumVisualStudioVersion = 10.0.40219.1
Project("{FAE04EC0-301F-11D3-BF4B-00C04F79EFBC}") = "SkillFactory_4_5_1", "SkillFactory_4_5_1.csproj", "{16BC2167-C540-41A1-B76D-82496186D20C}"
EndProject
Global
	GlobalSection(SolutionConfigurationPlatforms) = preSolution
		Debug|Any CPU = Debug|Any CPU
		Release|Any CPU = Release|Any CPU
	EndGlobalSection
	GlobalSection(ProjectConfigurationPlatforms) = postSolution
		{16BC2167-C540-41A1-B76D-82496186D20C}.Debug|Any CPU.ActiveCfg = Debug|Any CPU
		{16BC2167-C540-41A1-B76D-82496186D20C}.Debug|Any CPU.Build.0 = Debug|Any CPU
		{16BC2167-C540-41A1-B76D-82496186D20C}.Release|Any CPU.ActiveCfg = Release|Any CPU
		{16BC2167-C540-41A1-B76D-82496186D20C}.Release|Any CPU.Build.0 = Release|Any CPU
	EndGlobalSection
	GlobalSection(SolutionProperties) = preSolution
		HideSolutionNode = FALSE
	EndGlobalSection
	GlobalSection(ExtensibilityGlobals) = postSolution
		SolutionGuid = {96AA3598-EDD0-485E-A23D-FBBD3D61971D}
	EndGlobalSection
EndGlobal
